
Microsoft Visual Studio Solution File, Format Version 12.00
# Visual Studio Version 17
VisualStudioVersion = 17.9.34728.123
MinimumVisualStudioVersion = 10.0.40219.1
Project("{FAE04EC0-301F-11D3-BF4B-00C04F79EFBC}") = "PROG7312_POE", "PROG7312_POE\PROG7312_POE.csproj", "{895F89D0-A082-4098-9AD2-FE4A764153FF}"
EndProject
Global
	GlobalSection(SolutionConfigurationPlatforms) = preSolution
		Debug|Any CPU = Debug|Any CPU
		Release|Any CPU = Release|Any CPU
	EndGlobalSection
	GlobalSection(ProjectConfigurationPlatforms) = postSolution
		{895F89D0-A082-4098-9AD2-FE4A764153FF}.Debug|Any CPU.ActiveCfg = Debug|Any CPU
		{895F89D0-A082-4098-9AD2-FE4A764153FF}.Debug|Any CPU.Build.0 = Debug|Any CPU
		{895F89D0-A082-4098-9AD2-FE4A764153FF}.Release|Any CPU.ActiveCfg = Release|Any CPU
		{895F89D0-A082-4098-9AD2-FE4A764153FF}.Release|Any CPU.Build.0 = Release|Any CPU
	EndGlobalSection
	GlobalSection(SolutionProperties) = preSolution
		HideSolutionNode = FALSE
	EndGlobalSection
	GlobalSection(ExtensibilityGlobals) = postSolution
		SolutionGuid = {16D9FAA9-F835-405C-AF0C-7A06D1804327}
	EndGlobalSection
EndGlobal
